
Microsoft Visual Studio Solution File, Format Version 12.00
# Visual Studio 2013
VisualStudioVersion = 12.0.31101.0
MinimumVisualStudioVersion = 10.0.40219.1
Project("{FAE04EC0-301F-11D3-BF4B-00C04F79EFBC}") = "MagicLamp", "MagicLamp\MagicLamp.csproj", "{F610D8E6-B5E4-4ABE-9313-5C7E1D19F659}"
EndProject
Global
	GlobalSection(SolutionConfigurationPlatforms) = preSolution
		Debug|Any CPU = Debug|Any CPU
		Release|Any CPU = Release|Any CPU
	EndGlobalSection
	GlobalSection(ProjectConfigurationPlatforms) = postSolution
		{F610D8E6-B5E4-4ABE-9313-5C7E1D19F659}.Debug|Any CPU.ActiveCfg = Debug|Any CPU
		{F610D8E6-B5E4-4ABE-9313-5C7E1D19F659}.Debug|Any CPU.Build.0 = Debug|Any CPU
		{F610D8E6-B5E4-4ABE-9313-5C7E1D19F659}.Release|Any CPU.ActiveCfg = Release|Any CPU
		{F610D8E6-B5E4-4ABE-9313-5C7E1D19F659}.Release|Any CPU.Build.0 = Release|Any CPU
	EndGlobalSection
	GlobalSection(SolutionProperties) = preSolution
		HideSolutionNode = FALSE
	EndGlobalSection
EndGlobal
